// !$*UTF8*$!
{
	archiveVersion = 1;
	classes = {
	};
	objectVersion = 56;
	objects = {

/* Begin PBXBuildFile section */
		0528C03F2A7FA5000048837D /* Check.swift in Sources */ = {isa = PBXBuildFile; fileRef = 0528C03E2A7FA5000048837D /* Check.swift */; };
		0528C0412A7FC0400048837D /* UIFeatures.swift in Sources */ = {isa = PBXBuildFile; fileRef = 0528C0402A7FC0400048837D /* UIFeatures.swift */; };
		0528C0432A7FC5AB0048837D /* UITableViewCellFeatures.swift in Sources */ = {isa = PBXBuildFile; fileRef = 0528C0422A7FC5AB0048837D /* UITableViewCellFeatures.swift */; };
		05379F922A7E46C7000AC901 /* ViewControllerMap.swift in Sources */ = {isa = PBXBuildFile; fileRef = 05379F912A7E46C7000AC901 /* ViewControllerMap.swift */; };
		055571792A7B854F00A014B8 /* ColorExtension.swift in Sources */ = {isa = PBXBuildFile; fileRef = 055571782A7B854F00A014B8 /* ColorExtension.swift */; };
		0555717B2A7B8BB500A014B8 /* ViewControllerSearchedCity.swift in Sources */ = {isa = PBXBuildFile; fileRef = 0555717A2A7B8BB500A014B8 /* ViewControllerSearchedCity.swift */; };
		0555717D2A7B98D500A014B8 /* SearchedCityTableViewCell.swift in Sources */ = {isa = PBXBuildFile; fileRef = 0555717C2A7B98D500A014B8 /* SearchedCityTableViewCell.swift */; };
		057DDA8E2A7EE92A009A7D63 /* ViewControllerBind.swift in Sources */ = {isa = PBXBuildFile; fileRef = 057DDA8D2A7EE92A009A7D63 /* ViewControllerBind.swift */; };
		057DDA932A7EFBF8009A7D63 /* Connection.swift in Sources */ = {isa = PBXBuildFile; fileRef = 057DDA922A7EFBF8009A7D63 /* Connection.swift */; };
		05C9A1532A7ADAAB0008B1BA /* AppDelegate.swift in Sources */ = {isa = PBXBuildFile; fileRef = 05C9A1522A7ADAAB0008B1BA /* AppDelegate.swift */; };
		05C9A1552A7ADAAB0008B1BA /* SceneDelegate.swift in Sources */ = {isa = PBXBuildFile; fileRef = 05C9A1542A7ADAAB0008B1BA /* SceneDelegate.swift */; };
		05C9A1572A7ADAAB0008B1BA /* ViewController.swift in Sources */ = {isa = PBXBuildFile; fileRef = 05C9A1562A7ADAAB0008B1BA /* ViewController.swift */; };
		05C9A15A2A7ADAAB0008B1BA /* Main.storyboard in Resources */ = {isa = PBXBuildFile; fileRef = 05C9A1582A7ADAAB0008B1BA /* Main.storyboard */; };
		05C9A15C2A7ADAAC0008B1BA /* Assets.xcassets in Resources */ = {isa = PBXBuildFile; fileRef = 05C9A15B2A7ADAAC0008B1BA /* Assets.xcassets */; };
		05C9A15F2A7ADAAC0008B1BA /* LaunchScreen.storyboard in Resources */ = {isa = PBXBuildFile; fileRef = 05C9A15D2A7ADAAC0008B1BA /* LaunchScreen.storyboard */; };
		05C9A16A2A7ADAAC0008B1BA /* ForecastAppTests.swift in Sources */ = {isa = PBXBuildFile; fileRef = 05C9A1692A7ADAAC0008B1BA /* ForecastAppTests.swift */; };
		05C9A1742A7ADAAC0008B1BA /* ForecastAppUITests.swift in Sources */ = {isa = PBXBuildFile; fileRef = 05C9A1732A7ADAAC0008B1BA /* ForecastAppUITests.swift */; };
		05C9A1762A7ADAAC0008B1BA /* ForecastAppUITestsLaunchTests.swift in Sources */ = {isa = PBXBuildFile; fileRef = 05C9A1752A7ADAAC0008B1BA /* ForecastAppUITestsLaunchTests.swift */; };
		05C9A1832A7AE2B80008B1BA /* WeatherTableViewCell.swift in Sources */ = {isa = PBXBuildFile; fileRef = 05C9A1822A7AE2B80008B1BA /* WeatherTableViewCell.swift */; };
		05C9A1862A7AE4F70008B1BA /* api.swift in Sources */ = {isa = PBXBuildFile; fileRef = 05C9A1852A7AE4F70008B1BA /* api.swift */; };
		05C9A18B2A7AE6EA0008B1BA /* WeatherManager.swift in Sources */ = {isa = PBXBuildFile; fileRef = 05C9A18A2A7AE6EA0008B1BA /* WeatherManager.swift */; };
		05C9A18D2A7AE6EF0008B1BA /* WeatherData.swift in Sources */ = {isa = PBXBuildFile; fileRef = 05C9A18C2A7AE6EF0008B1BA /* WeatherData.swift */; };
		05C9A18F2A7AE6F50008B1BA /* WeatherModel.swift in Sources */ = {isa = PBXBuildFile; fileRef = 05C9A18E2A7AE6F50008B1BA /* WeatherModel.swift */; };
		05C9A1912A7AE7790008B1BA /* ViewModelVC.swift in Sources */ = {isa = PBXBuildFile; fileRef = 05C9A1902A7AE7790008B1BA /* ViewModelVC.swift */; };
		05C9A1942A7AE79F0008B1BA /* WeatherManagerSeven.swift in Sources */ = {isa = PBXBuildFile; fileRef = 05C9A1932A7AE79F0008B1BA /* WeatherManagerSeven.swift */; };
		05C9A1962A7AE7A60008B1BA /* WeatherDataSeven.swift in Sources */ = {isa = PBXBuildFile; fileRef = 05C9A1952A7AE7A60008B1BA /* WeatherDataSeven.swift */; };
		05C9A1982A7AE7D10008B1BA /* Observable.swift in Sources */ = {isa = PBXBuildFile; fileRef = 05C9A1972A7AE7D10008B1BA /* Observable.swift */; };
		05C9A19A2A7AEFDE0008B1BA /* ViewControllerSearch.swift in Sources */ = {isa = PBXBuildFile; fileRef = 05C9A1992A7AEFDE0008B1BA /* ViewControllerSearch.swift */; };
		05C9A19C2A7AF09C0008B1BA /* CityTableViewCell.swift in Sources */ = {isa = PBXBuildFile; fileRef = 05C9A19B2A7AF09C0008B1BA /* CityTableViewCell.swift */; };
/* End PBXBuildFile section */

/* Begin PBXContainerItemProxy section */
		05C9A1662A7ADAAC0008B1BA /* PBXContainerItemProxy */ = {
			isa = PBXContainerItemProxy;
			containerPortal = 05C9A1472A7ADAAB0008B1BA /* Project object */;
			proxyType = 1;
			remoteGlobalIDString = 05C9A14E2A7ADAAB0008B1BA;
			remoteInfo = ForecastApp;
		};
		05C9A1702A7ADAAC0008B1BA /* PBXContainerItemProxy */ = {
			isa = PBXContainerItemProxy;
			containerPortal = 05C9A1472A7ADAAB0008B1BA /* Project object */;
			proxyType = 1;
			remoteGlobalIDString = 05C9A14E2A7ADAAB0008B1BA;
			remoteInfo = ForecastApp;
		};
/* End PBXContainerItemProxy section */

/* Begin PBXFileReference section */
		0528C03E2A7FA5000048837D /* Check.swift */ = {isa = PBXFileReference; lastKnownFileType = sourcecode.swift; path = Check.swift; sourceTree = "<group>"; };
		0528C0402A7FC0400048837D /* UIFeatures.swift */ = {isa = PBXFileReference; lastKnownFileType = sourcecode.swift; path = UIFeatures.swift; sourceTree = "<group>"; };
		0528C0422A7FC5AB0048837D /* UITableViewCellFeatures.swift */ = {isa = PBXFileReference; lastKnownFileType = sourcecode.swift; path = UITableViewCellFeatures.swift; sourceTree = "<group>"; };
		05379F912A7E46C7000AC901 /* ViewControllerMap.swift */ = {isa = PBXFileReference; lastKnownFileType = sourcecode.swift; path = ViewControllerMap.swift; sourceTree = "<group>"; };
		055571782A7B854F00A014B8 /* ColorExtension.swift */ = {isa = PBXFileReference; lastKnownFileType = sourcecode.swift; path = ColorExtension.swift; sourceTree = "<group>"; };
		0555717A2A7B8BB500A014B8 /* ViewControllerSearchedCity.swift */ = {isa = PBXFileReference; lastKnownFileType = sourcecode.swift; path = ViewControllerSearchedCity.swift; sourceTree = "<group>"; };
		0555717C2A7B98D500A014B8 /* SearchedCityTableViewCell.swift */ = {isa = PBXFileReference; lastKnownFileType = sourcecode.swift; path = SearchedCityTableViewCell.swift; sourceTree = "<group>"; };
		057DDA8D2A7EE92A009A7D63 /* ViewControllerBind.swift */ = {isa = PBXFileReference; lastKnownFileType = sourcecode.swift; path = ViewControllerBind.swift; sourceTree = "<group>"; };
		057DDA922A7EFBF8009A7D63 /* Connection.swift */ = {isa = PBXFileReference; lastKnownFileType = sourcecode.swift; path = Connection.swift; sourceTree = "<group>"; };
		05C9A14F2A7ADAAB0008B1BA /* ForecastApp.app */ = {isa = PBXFileReference; explicitFileType = wrapper.application; includeInIndex = 0; path = ForecastApp.app; sourceTree = BUILT_PRODUCTS_DIR; };
		05C9A1522A7ADAAB0008B1BA /* AppDelegate.swift */ = {isa = PBXFileReference; lastKnownFileType = sourcecode.swift; path = AppDelegate.swift; sourceTree = "<group>"; };
		05C9A1542A7ADAAB0008B1BA /* SceneDelegate.swift */ = {isa = PBXFileReference; lastKnownFileType = sourcecode.swift; path = SceneDelegate.swift; sourceTree = "<group>"; };
		05C9A1562A7ADAAB0008B1BA /* ViewController.swift */ = {isa = PBXFileReference; lastKnownFileType = sourcecode.swift; path = ViewController.swift; sourceTree = "<group>"; };
		05C9A1592A7ADAAB0008B1BA /* Base */ = {isa = PBXFileReference; lastKnownFileType = file.storyboard; name = Base; path = Base.lproj/Main.storyboard; sourceTree = "<group>"; };
		05C9A15B2A7ADAAC0008B1BA /* Assets.xcassets */ = {isa = PBXFileReference; lastKnownFileType = folder.assetcatalog; path = Assets.xcassets; sourceTree = "<group>"; };
		05C9A15E2A7ADAAC0008B1BA /* Base */ = {isa = PBXFileReference; lastKnownFileType = file.storyboard; name = Base; path = Base.lproj/LaunchScreen.storyboard; sourceTree = "<group>"; };
		05C9A1602A7ADAAC0008B1BA /* Info.plist */ = {isa = PBXFileReference; lastKnownFileType = text.plist.xml; path = Info.plist; sourceTree = "<group>"; };
		05C9A1652A7ADAAC0008B1BA /* ForecastAppTests.xctest */ = {isa = PBXFileReference; explicitFileType = wrapper.cfbundle; includeInIndex = 0; path = ForecastAppTests.xctest; sourceTree = BUILT_PRODUCTS_DIR; };
		05C9A1692A7ADAAC0008B1BA /* ForecastAppTests.swift */ = {isa = PBXFileReference; lastKnownFileType = sourcecode.swift; path = ForecastAppTests.swift; sourceTree = "<group>"; };
		05C9A16F2A7ADAAC0008B1BA /* ForecastAppUITests.xctest */ = {isa = PBXFileReference; explicitFileType = wrapper.cfbundle; includeInIndex = 0; path = ForecastAppUITests.xctest; sourceTree = BUILT_PRODUCTS_DIR; };
		05C9A1732A7ADAAC0008B1BA /* ForecastAppUITests.swift */ = {isa = PBXFileReference; lastKnownFileType = sourcecode.swift; path = ForecastAppUITests.swift; sourceTree = "<group>"; };
		05C9A1752A7ADAAC0008B1BA /* ForecastAppUITestsLaunchTests.swift */ = {isa = PBXFileReference; lastKnownFileType = sourcecode.swift; path = ForecastAppUITestsLaunchTests.swift; sourceTree = "<group>"; };
		05C9A1822A7AE2B80008B1BA /* WeatherTableViewCell.swift */ = {isa = PBXFileReference; lastKnownFileType = sourcecode.swift; path = WeatherTableViewCell.swift; sourceTree = "<group>"; };
		05C9A1852A7AE4F70008B1BA /* api.swift */ = {isa = PBXFileReference; lastKnownFileType = sourcecode.swift; path = api.swift; sourceTree = "<group>"; };
		05C9A18A2A7AE6EA0008B1BA /* WeatherManager.swift */ = {isa = PBXFileReference; lastKnownFileType = sourcecode.swift; path = WeatherManager.swift; sourceTree = "<group>"; };
		05C9A18C2A7AE6EF0008B1BA /* WeatherData.swift */ = {isa = PBXFileReference; lastKnownFileType = sourcecode.swift; path = WeatherData.swift; sourceTree = "<group>"; };
		05C9A18E2A7AE6F50008B1BA /* WeatherModel.swift */ = {isa = PBXFileReference; lastKnownFileType = sourcecode.swift; path = WeatherModel.swift; sourceTree = "<group>"; };
		05C9A1902A7AE7790008B1BA /* ViewModelVC.swift */ = {isa = PBXFileReference; lastKnownFileType = sourcecode.swift; path = ViewModelVC.swift; sourceTree = "<group>"; };
		05C9A1932A7AE79F0008B1BA /* WeatherManagerSeven.swift */ = {isa = PBXFileReference; lastKnownFileType = sourcecode.swift; path = WeatherManagerSeven.swift; sourceTree = "<group>"; };
		05C9A1952A7AE7A60008B1BA /* WeatherDataSeven.swift */ = {isa = PBXFileReference; lastKnownFileType = sourcecode.swift; path = WeatherDataSeven.swift; sourceTree = "<group>"; };
		05C9A1972A7AE7D10008B1BA /* Observable.swift */ = {isa = PBXFileReference; lastKnownFileType = sourcecode.swift; path = Observable.swift; sourceTree = "<group>"; };
		05C9A1992A7AEFDE0008B1BA /* ViewControllerSearch.swift */ = {isa = PBXFileReference; lastKnownFileType = sourcecode.swift; path = ViewControllerSearch.swift; sourceTree = "<group>"; };
		05C9A19B2A7AF09C0008B1BA /* CityTableViewCell.swift */ = {isa = PBXFileReference; lastKnownFileType = sourcecode.swift; path = CityTableViewCell.swift; sourceTree = "<group>"; };
/* End PBXFileReference section */

/* Begin PBXFrameworksBuildPhase section */
		05C9A14C2A7ADAAB0008B1BA /* Frameworks */ = {
			isa = PBXFrameworksBuildPhase;
			buildActionMask = 2147483647;
			files = (
			);
			runOnlyForDeploymentPostprocessing = 0;
		};
		05C9A1622A7ADAAC0008B1BA /* Frameworks */ = {
			isa = PBXFrameworksBuildPhase;
			buildActionMask = 2147483647;
			files = (
			);
			runOnlyForDeploymentPostprocessing = 0;
		};
		05C9A16C2A7ADAAC0008B1BA /* Frameworks */ = {
			isa = PBXFrameworksBuildPhase;
			buildActionMask = 2147483647;
			files = (
			);
			runOnlyForDeploymentPostprocessing = 0;
		};
/* End PBXFrameworksBuildPhase section */

/* Begin PBXGroup section */
		05379F902A7E4671000AC901 /* ViewControllerMap */ = {
			isa = PBXGroup;
			children = (
				05379F912A7E46C7000AC901 /* ViewControllerMap.swift */,
			);
			path = ViewControllerMap;
			sourceTree = "<group>";
		};
		0554B3132A7BB8DE00BE1983 /* ViewController */ = {
			isa = PBXGroup;
			children = (
				05C9A1562A7ADAAB0008B1BA /* ViewController.swift */,
				05C9A1822A7AE2B80008B1BA /* WeatherTableViewCell.swift */,
			);
			path = ViewController;
			sourceTree = "<group>";
		};
		0554B3142A7BB8FB00BE1983 /* SearchViewController */ = {
			isa = PBXGroup;
			children = (
				05C9A1992A7AEFDE0008B1BA /* ViewControllerSearch.swift */,
				05C9A19B2A7AF09C0008B1BA /* CityTableViewCell.swift */,
			);
			path = SearchViewController;
			sourceTree = "<group>";
		};
		0554B3152A7BB91600BE1983 /* ViewControllerSearchedCity */ = {
			isa = PBXGroup;
			children = (
				0555717A2A7B8BB500A014B8 /* ViewControllerSearchedCity.swift */,
				0555717C2A7B98D500A014B8 /* SearchedCityTableViewCell.swift */,
			);
			path = ViewControllerSearchedCity;
			sourceTree = "<group>";
		};
		057DDA8F2A7EEE22009A7D63 /* ViewControllerBind */ = {
			isa = PBXGroup;
			children = (
				057DDA8D2A7EE92A009A7D63 /* ViewControllerBind.swift */,
			);
			path = ViewControllerBind;
			sourceTree = "<group>";
		};
		05C9A1462A7ADAAB0008B1BA = {
			isa = PBXGroup;
			children = (
				05C9A1512A7ADAAB0008B1BA /* ForecastApp */,
				05C9A1682A7ADAAC0008B1BA /* ForecastAppTests */,
				05C9A1722A7ADAAC0008B1BA /* ForecastAppUITests */,
				05C9A1502A7ADAAB0008B1BA /* Products */,
			);
			sourceTree = "<group>";
		};
		05C9A1502A7ADAAB0008B1BA /* Products */ = {
			isa = PBXGroup;
			children = (
				05C9A14F2A7ADAAB0008B1BA /* ForecastApp.app */,
				05C9A1652A7ADAAC0008B1BA /* ForecastAppTests.xctest */,
				05C9A16F2A7ADAAC0008B1BA /* ForecastAppUITests.xctest */,
			);
			name = Products;
			sourceTree = "<group>";
		};
		05C9A1512A7ADAAB0008B1BA /* ForecastApp */ = {
			isa = PBXGroup;
			children = (
				05C9A1892A7AE50D0008B1BA /* View */,
				05C9A1922A7AE7930008B1BA /* Model2 */,
				05C9A1882A7AE5040008B1BA /* ViewModel */,
				05C9A1872A7AE4FF0008B1BA /* Model */,
				05C9A1842A7AE4EB0008B1BA /* Utility */,
				05C9A1522A7ADAAB0008B1BA /* AppDelegate.swift */,
				05C9A1542A7ADAAB0008B1BA /* SceneDelegate.swift */,
				05C9A1582A7ADAAB0008B1BA /* Main.storyboard */,
				05C9A15B2A7ADAAC0008B1BA /* Assets.xcassets */,
				05C9A15D2A7ADAAC0008B1BA /* LaunchScreen.storyboard */,
				05C9A1602A7ADAAC0008B1BA /* Info.plist */,
			);
			path = ForecastApp;
			sourceTree = "<group>";
		};
		05C9A1682A7ADAAC0008B1BA /* ForecastAppTests */ = {
			isa = PBXGroup;
			children = (
				05C9A1692A7ADAAC0008B1BA /* ForecastAppTests.swift */,
			);
			path = ForecastAppTests;
			sourceTree = "<group>";
		};
		05C9A1722A7ADAAC0008B1BA /* ForecastAppUITests */ = {
			isa = PBXGroup;
			children = (
				05C9A1732A7ADAAC0008B1BA /* ForecastAppUITests.swift */,
				05C9A1752A7ADAAC0008B1BA /* ForecastAppUITestsLaunchTests.swift */,
			);
			path = ForecastAppUITests;
			sourceTree = "<group>";
		};
		05C9A1842A7AE4EB0008B1BA /* Utility */ = {
			isa = PBXGroup;
			children = (
				05C9A1852A7AE4F70008B1BA /* api.swift */,
				05C9A1972A7AE7D10008B1BA /* Observable.swift */,
				055571782A7B854F00A014B8 /* ColorExtension.swift */,
				057DDA922A7EFBF8009A7D63 /* Connection.swift */,
				0528C03E2A7FA5000048837D /* Check.swift */,
				0528C0402A7FC0400048837D /* UIFeatures.swift */,
				0528C0422A7FC5AB0048837D /* UITableViewCellFeatures.swift */,
			);
			path = Utility;
			sourceTree = "<group>";
		};
		05C9A1872A7AE4FF0008B1BA /* Model */ = {
			isa = PBXGroup;
			children = (
				05C9A18A2A7AE6EA0008B1BA /* WeatherManager.swift */,
				05C9A18C2A7AE6EF0008B1BA /* WeatherData.swift */,
				05C9A18E2A7AE6F50008B1BA /* WeatherModel.swift */,
			);
			path = Model;
			sourceTree = "<group>";
		};
		05C9A1882A7AE5040008B1BA /* ViewModel */ = {
			isa = PBXGroup;
			children = (
				05C9A1902A7AE7790008B1BA /* ViewModelVC.swift */,
			);
			path = ViewModel;
			sourceTree = "<group>";
		};
		05C9A1892A7AE50D0008B1BA /* View */ = {
			isa = PBXGroup;
			children = (
				057DDA8F2A7EEE22009A7D63 /* ViewControllerBind */,
				0554B3132A7BB8DE00BE1983 /* ViewController */,
				0554B3142A7BB8FB00BE1983 /* SearchViewController */,
				05379F902A7E4671000AC901 /* ViewControllerMap */,
				0554B3152A7BB91600BE1983 /* ViewControllerSearchedCity */,
			);
			path = View;
			sourceTree = "<group>";
		};
		05C9A1922A7AE7930008B1BA /* Model2 */ = {
			isa = PBXGroup;
			children = (
				05C9A1932A7AE79F0008B1BA /* WeatherManagerSeven.swift */,
				05C9A1952A7AE7A60008B1BA /* WeatherDataSeven.swift */,
			);
			path = Model2;
			sourceTree = "<group>";
		};
/* End PBXGroup section */

/* Begin PBXNativeTarget section */
		05C9A14E2A7ADAAB0008B1BA /* ForecastApp */ = {
			isa = PBXNativeTarget;
			buildConfigurationList = 05C9A1792A7ADAAC0008B1BA /* Build configuration list for PBXNativeTarget "ForecastApp" */;
			buildPhases = (
				05C9A14B2A7ADAAB0008B1BA /* Sources */,
				05C9A14C2A7ADAAB0008B1BA /* Frameworks */,
				05C9A14D2A7ADAAB0008B1BA /* Resources */,
			);
			buildRules = (
			);
			dependencies = (
			);
			name = ForecastApp;
			productName = ForecastApp;
			productReference = 05C9A14F2A7ADAAB0008B1BA /* ForecastApp.app */;
			productType = "com.apple.product-type.application";
		};
		05C9A1642A7ADAAC0008B1BA /* ForecastAppTests */ = {
			isa = PBXNativeTarget;
			buildConfigurationList = 05C9A17C2A7ADAAC0008B1BA /* Build configuration list for PBXNativeTarget "ForecastAppTests" */;
			buildPhases = (
				05C9A1612A7ADAAC0008B1BA /* Sources */,
				05C9A1622A7ADAAC0008B1BA /* Frameworks */,
				05C9A1632A7ADAAC0008B1BA /* Resources */,
			);
			buildRules = (
			);
			dependencies = (
				05C9A1672A7ADAAC0008B1BA /* PBXTargetDependency */,
			);
			name = ForecastAppTests;
			productName = ForecastAppTests;
			productReference = 05C9A1652A7ADAAC0008B1BA /* ForecastAppTests.xctest */;
			productType = "com.apple.product-type.bundle.unit-test";
		};
		05C9A16E2A7ADAAC0008B1BA /* ForecastAppUITests */ = {
			isa = PBXNativeTarget;
			buildConfigurationList = 05C9A17F2A7ADAAC0008B1BA /* Build configuration list for PBXNativeTarget "ForecastAppUITests" */;
			buildPhases = (
				05C9A16B2A7ADAAC0008B1BA /* Sources */,
				05C9A16C2A7ADAAC0008B1BA /* Frameworks */,
				05C9A16D2A7ADAAC0008B1BA /* Resources */,
			);
			buildRules = (
			);
			dependencies = (
				05C9A1712A7ADAAC0008B1BA /* PBXTargetDependency */,
			);
			name = ForecastAppUITests;
			productName = ForecastAppUITests;
			productReference = 05C9A16F2A7ADAAC0008B1BA /* ForecastAppUITests.xctest */;
			productType = "com.apple.product-type.bundle.ui-testing";
		};
/* End PBXNativeTarget section */

/* Begin PBXProject section */
		05C9A1472A7ADAAB0008B1BA /* Project object */ = {
			isa = PBXProject;
			attributes = {
				BuildIndependentTargetsInParallel = 1;
				LastSwiftUpdateCheck = 1430;
				LastUpgradeCheck = 1430;
				TargetAttributes = {
					05C9A14E2A7ADAAB0008B1BA = {
						CreatedOnToolsVersion = 14.3.1;
					};
					05C9A1642A7ADAAC0008B1BA = {
						CreatedOnToolsVersion = 14.3.1;
						TestTargetID = 05C9A14E2A7ADAAB0008B1BA;
					};
					05C9A16E2A7ADAAC0008B1BA = {
						CreatedOnToolsVersion = 14.3.1;
						TestTargetID = 05C9A14E2A7ADAAB0008B1BA;
					};
				};
			};
			buildConfigurationList = 05C9A14A2A7ADAAB0008B1BA /* Build configuration list for PBXProject "ForecastApp" */;
			compatibilityVersion = "Xcode 14.0";
			developmentRegion = en;
			hasScannedForEncodings = 0;
			knownRegions = (
				en,
				Base,
			);
			mainGroup = 05C9A1462A7ADAAB0008B1BA;
			productRefGroup = 05C9A1502A7ADAAB0008B1BA /* Products */;
			projectDirPath = "";
			projectRoot = "";
			targets = (
				05C9A14E2A7ADAAB0008B1BA /* ForecastApp */,
				05C9A1642A7ADAAC0008B1BA /* ForecastAppTests */,
				05C9A16E2A7ADAAC0008B1BA /* ForecastAppUITests */,
			);
		};
/* End PBXProject section */

/* Begin PBXResourcesBuildPhase section */
		05C9A14D2A7ADAAB0008B1BA /* Resources */ = {
			isa = PBXResourcesBuildPhase;
			buildActionMask = 2147483647;
			files = (
				05C9A15F2A7ADAAC0008B1BA /* LaunchScreen.storyboard in Resources */,
				05C9A15C2A7ADAAC0008B1BA /* Assets.xcassets in Resources */,
				05C9A15A2A7ADAAB0008B1BA /* Main.storyboard in Resources */,
			);
			runOnlyForDeploymentPostprocessing = 0;
		};
		05C9A1632A7ADAAC0008B1BA /* Resources */ = {
			isa = PBXResourcesBuildPhase;
			buildActionMask = 2147483647;
			files = (
			);
			runOnlyForDeploymentPostprocessing = 0;
		};
		05C9A16D2A7ADAAC0008B1BA /* Resources */ = {
			isa = PBXResourcesBuildPhase;
			buildActionMask = 2147483647;
			files = (
			);
			runOnlyForDeploymentPostprocessing = 0;
		};
/* End PBXResourcesBuildPhase section */

/* Begin PBXSourcesBuildPhase section */
		05C9A14B2A7ADAAB0008B1BA /* Sources */ = {
			isa = PBXSourcesBuildPhase;
			buildActionMask = 2147483647;
			files = (
				05C9A18B2A7AE6EA0008B1BA /* WeatherManager.swift in Sources */,
				05C9A1862A7AE4F70008B1BA /* api.swift in Sources */,
				057DDA8E2A7EE92A009A7D63 /* ViewControllerBind.swift in Sources */,
				05C9A1942A7AE79F0008B1BA /* WeatherManagerSeven.swift in Sources */,
				05C9A19A2A7AEFDE0008B1BA /* ViewControllerSearch.swift in Sources */,
				0555717D2A7B98D500A014B8 /* SearchedCityTableViewCell.swift in Sources */,
				05C9A18D2A7AE6EF0008B1BA /* WeatherData.swift in Sources */,
				057DDA932A7EFBF8009A7D63 /* Connection.swift in Sources */,
				05C9A1982A7AE7D10008B1BA /* Observable.swift in Sources */,
				05C9A1962A7AE7A60008B1BA /* WeatherDataSeven.swift in Sources */,
				05C9A1832A7AE2B80008B1BA /* WeatherTableViewCell.swift in Sources */,
				05C9A19C2A7AF09C0008B1BA /* CityTableViewCell.swift in Sources */,
				055571792A7B854F00A014B8 /* ColorExtension.swift in Sources */,
				0528C0432A7FC5AB0048837D /* UITableViewCellFeatures.swift in Sources */,
				05379F922A7E46C7000AC901 /* ViewControllerMap.swift in Sources */,
				0528C03F2A7FA5000048837D /* Check.swift in Sources */,
				05C9A1572A7ADAAB0008B1BA /* ViewController.swift in Sources */,
				05C9A1532A7ADAAB0008B1BA /* AppDelegate.swift in Sources */,
				0555717B2A7B8BB500A014B8 /* ViewControllerSearchedCity.swift in Sources */,
				05C9A1912A7AE7790008B1BA /* ViewModelVC.swift in Sources */,
				05C9A18F2A7AE6F50008B1BA /* WeatherModel.swift in Sources */,
				0528C0412A7FC0400048837D /* UIFeatures.swift in Sources */,
				05C9A1552A7ADAAB0008B1BA /* SceneDelegate.swift in Sources */,
			);
			runOnlyForDeploymentPostprocessing = 0;
		};
		05C9A1612A7ADAAC0008B1BA /* Sources */ = {
			isa = PBXSourcesBuildPhase;
			buildActionMask = 2147483647;
			files = (
				05C9A16A2A7ADAAC0008B1BA /* ForecastAppTests.swift in Sources */,
			);
			runOnlyForDeploymentPostprocessing = 0;
		};
		05C9A16B2A7ADAAC0008B1BA /* Sources */ = {
			isa = PBXSourcesBuildPhase;
			buildActionMask = 2147483647;
			files = (
				05C9A1742A7ADAAC0008B1BA /* ForecastAppUITests.swift in Sources */,
				05C9A1762A7ADAAC0008B1BA /* ForecastAppUITestsLaunchTests.swift in Sources */,
			);
			runOnlyForDeploymentPostprocessing = 0;
		};
/* End PBXSourcesBuildPhase section */

/* Begin PBXTargetDependency section */
		05C9A1672A7ADAAC0008B1BA /* PBXTargetDependency */ = {
			isa = PBXTargetDependency;
			target = 05C9A14E2A7ADAAB0008B1BA /* ForecastApp */;
			targetProxy = 05C9A1662A7ADAAC0008B1BA /* PBXContainerItemProxy */;
		};
		05C9A1712A7ADAAC0008B1BA /* PBXTargetDependency */ = {
			isa = PBXTargetDependency;
			target = 05C9A14E2A7ADAAB0008B1BA /* ForecastApp */;
			targetProxy = 05C9A1702A7ADAAC0008B1BA /* PBXContainerItemProxy */;
		};
/* End PBXTargetDependency section */

/* Begin PBXVariantGroup section */
		05C9A1582A7ADAAB0008B1BA /* Main.storyboard */ = {
			isa = PBXVariantGroup;
			children = (
				05C9A1592A7ADAAB0008B1BA /* Base */,
			);
			name = Main.storyboard;
			sourceTree = "<group>";
		};
		05C9A15D2A7ADAAC0008B1BA /* LaunchScreen.storyboard */ = {
			isa = PBXVariantGroup;
			children = (
				05C9A15E2A7ADAAC0008B1BA /* Base */,
			);
			name = LaunchScreen.storyboard;
			sourceTree = "<group>";
		};
/* End PBXVariantGroup section */

/* Begin XCBuildConfiguration section */
		05C9A1772A7ADAAC0008B1BA /* Debug */ = {
			isa = XCBuildConfiguration;
			buildSettings = {
				ALWAYS_SEARCH_USER_PATHS = NO;
				CLANG_ANALYZER_NONNULL = YES;
				CLANG_ANALYZER_NUMBER_OBJECT_CONVERSION = YES_AGGRESSIVE;
				CLANG_CXX_LANGUAGE_STANDARD = "gnu++20";
				CLANG_ENABLE_MODULES = YES;
				CLANG_ENABLE_OBJC_ARC = YES;
				CLANG_ENABLE_OBJC_WEAK = YES;
				CLANG_WARN_BLOCK_CAPTURE_AUTORELEASING = YES;
				CLANG_WARN_BOOL_CONVERSION = YES;
				CLANG_WARN_COMMA = YES;
				CLANG_WARN_CONSTANT_CONVERSION = YES;
				CLANG_WARN_DEPRECATED_OBJC_IMPLEMENTATIONS = YES;
				CLANG_WARN_DIRECT_OBJC_ISA_USAGE = YES_ERROR;
				CLANG_WARN_DOCUMENTATION_COMMENTS = YES;
				CLANG_WARN_EMPTY_BODY = YES;
				CLANG_WARN_ENUM_CONVERSION = YES;
				CLANG_WARN_INFINITE_RECURSION = YES;
				CLANG_WARN_INT_CONVERSION = YES;
				CLANG_WARN_NON_LITERAL_NULL_CONVERSION = YES;
				CLANG_WARN_OBJC_IMPLICIT_RETAIN_SELF = YES;
				CLANG_WARN_OBJC_LITERAL_CONVERSION = YES;
				CLANG_WARN_OBJC_ROOT_CLASS = YES_ERROR;
				CLANG_WARN_QUOTED_INCLUDE_IN_FRAMEWORK_HEADER = YES;
				CLANG_WARN_RANGE_LOOP_ANALYSIS = YES;
				CLANG_WARN_STRICT_PROTOTYPES = YES;
				CLANG_WARN_SUSPICIOUS_MOVE = YES;
				CLANG_WARN_UNGUARDED_AVAILABILITY = YES_AGGRESSIVE;
				CLANG_WARN_UNREACHABLE_CODE = YES;
				CLANG_WARN__DUPLICATE_METHOD_MATCH = YES;
				COPY_PHASE_STRIP = NO;
				DEBUG_INFORMATION_FORMAT = dwarf;
				ENABLE_STRICT_OBJC_MSGSEND = YES;
				ENABLE_TESTABILITY = YES;
				GCC_C_LANGUAGE_STANDARD = gnu11;
				GCC_DYNAMIC_NO_PIC = NO;
				GCC_NO_COMMON_BLOCKS = YES;
				GCC_OPTIMIZATION_LEVEL = 0;
				GCC_PREPROCESSOR_DEFINITIONS = (
					"DEBUG=1",
					"$(inherited)",
				);
				GCC_WARN_64_TO_32_BIT_CONVERSION = YES;
				GCC_WARN_ABOUT_RETURN_TYPE = YES_ERROR;
				GCC_WARN_UNDECLARED_SELECTOR = YES;
				GCC_WARN_UNINITIALIZED_AUTOS = YES_AGGRESSIVE;
				GCC_WARN_UNUSED_FUNCTION = YES;
				GCC_WARN_UNUSED_VARIABLE = YES;
				IPHONEOS_DEPLOYMENT_TARGET = 16.4;
				MTL_ENABLE_DEBUG_INFO = INCLUDE_SOURCE;
				MTL_FAST_MATH = YES;
				ONLY_ACTIVE_ARCH = YES;
				SDKROOT = iphoneos;
				SWIFT_ACTIVE_COMPILATION_CONDITIONS = DEBUG;
				SWIFT_OPTIMIZATION_LEVEL = "-Onone";
			};
			name = Debug;
		};
		05C9A1782A7ADAAC0008B1BA /* Release */ = {
			isa = XCBuildConfiguration;
			buildSettings = {
				ALWAYS_SEARCH_USER_PATHS = NO;
				CLANG_ANALYZER_NONNULL = YES;
				CLANG_ANALYZER_NUMBER_OBJECT_CONVERSION = YES_AGGRESSIVE;
				CLANG_CXX_LANGUAGE_STANDARD = "gnu++20";
				CLANG_ENABLE_MODULES = YES;
				CLANG_ENABLE_OBJC_ARC = YES;
				CLANG_ENABLE_OBJC_WEAK = YES;
				CLANG_WARN_BLOCK_CAPTURE_AUTORELEASING = YES;
				CLANG_WARN_BOOL_CONVERSION = YES;
				CLANG_WARN_COMMA = YES;
				CLANG_WARN_CONSTANT_CONVERSION = YES;
				CLANG_WARN_DEPRECATED_OBJC_IMPLEMENTATIONS = YES;
				CLANG_WARN_DIRECT_OBJC_ISA_USAGE = YES_ERROR;
				CLANG_WARN_DOCUMENTATION_COMMENTS = YES;
				CLANG_WARN_EMPTY_BODY = YES;
				CLANG_WARN_ENUM_CONVERSION = YES;
				CLANG_WARN_INFINITE_RECURSION = YES;
				CLANG_WARN_INT_CONVERSION = YES;
				CLANG_WARN_NON_LITERAL_NULL_CONVERSION = YES;
				CLANG_WARN_OBJC_IMPLICIT_RETAIN_SELF = YES;
				CLANG_WARN_OBJC_LITERAL_CONVERSION = YES;
				CLANG_WARN_OBJC_ROOT_CLASS = YES_ERROR;
				CLANG_WARN_QUOTED_INCLUDE_IN_FRAMEWORK_HEADER = YES;
				CLANG_WARN_RANGE_LOOP_ANALYSIS = YES;
				CLANG_WARN_STRICT_PROTOTYPES = YES;
				CLANG_WARN_SUSPICIOUS_MOVE = YES;
				CLANG_WARN_UNGUARDED_AVAILABILITY = YES_AGGRESSIVE;
				CLANG_WARN_UNREACHABLE_CODE = YES;
				CLANG_WARN__DUPLICATE_METHOD_MATCH = YES;
				COPY_PHASE_STRIP = NO;
				DEBUG_INFORMATION_FORMAT = "dwarf-with-dsym";
				ENABLE_NS_ASSERTIONS = NO;
				ENABLE_STRICT_OBJC_MSGSEND = YES;
				GCC_C_LANGUAGE_STANDARD = gnu11;
				GCC_NO_COMMON_BLOCKS = YES;
				GCC_WARN_64_TO_32_BIT_CONVERSION = YES;
				GCC_WARN_ABOUT_RETURN_TYPE = YES_ERROR;
				GCC_WARN_UNDECLARED_SELECTOR = YES;
				GCC_WARN_UNINITIALIZED_AUTOS = YES_AGGRESSIVE;
				GCC_WARN_UNUSED_FUNCTION = YES;
				GCC_WARN_UNUSED_VARIABLE = YES;
				IPHONEOS_DEPLOYMENT_TARGET = 16.4;
				MTL_ENABLE_DEBUG_INFO = NO;
				MTL_FAST_MATH = YES;
				SDKROOT = iphoneos;
				SWIFT_COMPILATION_MODE = wholemodule;
				SWIFT_OPTIMIZATION_LEVEL = "-O";
				VALIDATE_PRODUCT = YES;
			};
			name = Release;
		};
		05C9A17A2A7ADAAC0008B1BA /* Debug */ = {
			isa = XCBuildConfiguration;
			buildSettings = {
				ASSETCATALOG_COMPILER_APPICON_NAME = AppIcon;
				ASSETCATALOG_COMPILER_GLOBAL_ACCENT_COLOR_NAME = AccentColor;
				CODE_SIGN_STYLE = Automatic;
				CURRENT_PROJECT_VERSION = 1;
				DEVELOPMENT_TEAM = K2FS85Z6PG;
				GENERATE_INFOPLIST_FILE = YES;
				INFOPLIST_FILE = ForecastApp/Info.plist;
				INFOPLIST_KEY_NSLocationWhenInUseUsageDescription = "location request for app";
				INFOPLIST_KEY_UIApplicationSupportsIndirectInputEvents = YES;
				INFOPLIST_KEY_UILaunchStoryboardName = LaunchScreen;
				INFOPLIST_KEY_UIMainStoryboardFile = Main;
				INFOPLIST_KEY_UISupportedInterfaceOrientations_iPad = "UIInterfaceOrientationPortrait UIInterfaceOrientationPortraitUpsideDown UIInterfaceOrientationLandscapeLeft UIInterfaceOrientationLandscapeRight";
				INFOPLIST_KEY_UISupportedInterfaceOrientations_iPhone = "UIInterfaceOrientationPortrait UIInterfaceOrientationLandscapeLeft UIInterfaceOrientationLandscapeRight";
				LD_RUNPATH_SEARCH_PATHS = (
					"$(inherited)",
					"@executable_path/Frameworks",
				);
				MARKETING_VERSION = 1.0;
				PRODUCT_BUNDLE_IDENTIFIER = "Hu-dahan-Altun.ForecastApp";
				PRODUCT_NAME = "$(TARGET_NAME)";
				SWIFT_EMIT_LOC_STRINGS = YES;
				SWIFT_VERSION = 5.0;
				TARGETED_DEVICE_FAMILY = "1,2";
			};
			name = Debug;
		};
		05C9A17B2A7ADAAC0008B1BA /* Release */ = {
			isa = XCBuildConfiguration;
			buildSettings = {
				ASSETCATALOG_COMPILER_APPICON_NAME = AppIcon;
				ASSETCATALOG_COMPILER_GLOBAL_ACCENT_COLOR_NAME = AccentColor;
				CODE_SIGN_STYLE = Automatic;
				CURRENT_PROJECT_VERSION = 1;
				DEVELOPMENT_TEAM = K2FS85Z6PG;
				GENERATE_INFOPLIST_FILE = YES;
				INFOPLIST_FILE = ForecastApp/Info.plist;
				INFOPLIST_KEY_NSLocationWhenInUseUsageDescription = "location request for app";
				INFOPLIST_KEY_UIApplicationSupportsIndirectInputEvents = YES;
				INFOPLIST_KEY_UILaunchStoryboardName = LaunchScreen;
				INFOPLIST_KEY_UIMainStoryboardFile = Main;
				INFOPLIST_KEY_UISupportedInterfaceOrientations_iPad = "UIInterfaceOrientationPortrait UIInterfaceOrientationPortraitUpsideDown UIInterfaceOrientationLandscapeLeft UIInterfaceOrientationLandscapeRight";
				INFOPLIST_KEY_UISupportedInterfaceOrientations_iPhone = "UIInterfaceOrientationPortrait UIInterfaceOrientationLandscapeLeft UIInterfaceOrientationLandscapeRight";
				LD_RUNPATH_SEARCH_PATHS = (
					"$(inherited)",
					"@executable_path/Frameworks",
				);
				MARKETING_VERSION = 1.0;
				PRODUCT_BUNDLE_IDENTIFIER = "Hu-dahan-Altun.ForecastApp";
				PRODUCT_NAME = "$(TARGET_NAME)";
				SWIFT_EMIT_LOC_STRINGS = YES;
				SWIFT_VERSION = 5.0;
				TARGETED_DEVICE_FAMILY = "1,2";
			};
			name = Release;
		};
		05C9A17D2A7ADAAC0008B1BA /* Debug */ = {
			isa = XCBuildConfiguration;
			buildSettings = {
				ALWAYS_EMBED_SWIFT_STANDARD_LIBRARIES = YES;
				BUNDLE_LOADER = "$(TEST_HOST)";
				CODE_SIGN_STYLE = Automatic;
				CURRENT_PROJECT_VERSION = 1;
				DEVELOPMENT_TEAM = K2FS85Z6PG;
				GENERATE_INFOPLIST_FILE = YES;
				IPHONEOS_DEPLOYMENT_TARGET = 16.4;
				MARKETING_VERSION = 1.0;
				PRODUCT_BUNDLE_IDENTIFIER = "Hu-dahan-Altun.ForecastAppTests";
				PRODUCT_NAME = "$(TARGET_NAME)";
				SWIFT_EMIT_LOC_STRINGS = NO;
				SWIFT_VERSION = 5.0;
				TARGETED_DEVICE_FAMILY = "1,2";
				TEST_HOST = "$(BUILT_PRODUCTS_DIR)/ForecastApp.app/$(BUNDLE_EXECUTABLE_FOLDER_PATH)/ForecastApp";
			};
			name = Debug;
		};
		05C9A17E2A7ADAAC0008B1BA /* Release */ = {
			isa = XCBuildConfiguration;
			buildSettings = {
				ALWAYS_EMBED_SWIFT_STANDARD_LIBRARIES = YES;
				BUNDLE_LOADER = "$(TEST_HOST)";
				CODE_SIGN_STYLE = Automatic;
				CURRENT_PROJECT_VERSION = 1;
				DEVELOPMENT_TEAM = K2FS85Z6PG;
				GENERATE_INFOPLIST_FILE = YES;
				IPHONEOS_DEPLOYMENT_TARGET = 16.4;
				MARKETING_VERSION = 1.0;
				PRODUCT_BUNDLE_IDENTIFIER = "Hu-dahan-Altun.ForecastAppTests";
				PRODUCT_NAME = "$(TARGET_NAME)";
				SWIFT_EMIT_LOC_STRINGS = NO;
				SWIFT_VERSION = 5.0;
				TARGETED_DEVICE_FAMILY = "1,2";
				TEST_HOST = "$(BUILT_PRODUCTS_DIR)/ForecastApp.app/$(BUNDLE_EXECUTABLE_FOLDER_PATH)/ForecastApp";
			};
			name = Release;
		};
		05C9A1802A7ADAAC0008B1BA /* Debug */ = {
			isa = XCBuildConfiguration;
			buildSettings = {
				ALWAYS_EMBED_SWIFT_STANDARD_LIBRARIES = YES;
				CODE_SIGN_STYLE = Automatic;
				CURRENT_PROJECT_VERSION = 1;
				DEVELOPMENT_TEAM = K2FS85Z6PG;
				GENERATE_INFOPLIST_FILE = YES;
				MARKETING_VERSION = 1.0;
				PRODUCT_BUNDLE_IDENTIFIER = "Hu-dahan-Altun.ForecastAppUITests";
				PRODUCT_NAME = "$(TARGET_NAME)";
				SWIFT_EMIT_LOC_STRINGS = NO;
				SWIFT_VERSION = 5.0;
				TARGETED_DEVICE_FAMILY = "1,2";
				TEST_TARGET_NAME = ForecastApp;
			};
			name = Debug;
		};
		05C9A1812A7ADAAC0008B1BA /* Release */ = {
			isa = XCBuildConfiguration;
			buildSettings = {
				ALWAYS_EMBED_SWIFT_STANDARD_LIBRARIES = YES;
				CODE_SIGN_STYLE = Automatic;
				CURRENT_PROJECT_VERSION = 1;
				DEVELOPMENT_TEAM = K2FS85Z6PG;
				GENERATE_INFOPLIST_FILE = YES;
				MARKETING_VERSION = 1.0;
				PRODUCT_BUNDLE_IDENTIFIER = "Hu-dahan-Altun.ForecastAppUITests";
				PRODUCT_NAME = "$(TARGET_NAME)";
				SWIFT_EMIT_LOC_STRINGS = NO;
				SWIFT_VERSION = 5.0;
				TARGETED_DEVICE_FAMILY = "1,2";
				TEST_TARGET_NAME = ForecastApp;
			};
			name = Release;
		};
/* End XCBuildConfiguration section */

/* Begin XCConfigurationList section */
		05C9A14A2A7ADAAB0008B1BA /* Build configuration list for PBXProject "ForecastApp" */ = {
			isa = XCConfigurationList;
			buildConfigurations = (
				05C9A1772A7ADAAC0008B1BA /* Debug */,
				05C9A1782A7ADAAC0008B1BA /* Release */,
			);
			defaultConfigurationIsVisible = 0;
			defaultConfigurationName = Release;
		};
		05C9A1792A7ADAAC0008B1BA /* Build configuration list for PBXNativeTarget "ForecastApp" */ = {
			isa = XCConfigurationList;
			buildConfigurations = (
				05C9A17A2A7ADAAC0008B1BA /* Debug */,
				05C9A17B2A7ADAAC0008B1BA /* Release */,
			);
			defaultConfigurationIsVisible = 0;
			defaultConfigurationName = Release;
		};
		05C9A17C2A7ADAAC0008B1BA /* Build configuration list for PBXNativeTarget "ForecastAppTests" */ = {
			isa = XCConfigurationList;
			buildConfigurations = (
				05C9A17D2A7ADAAC0008B1BA /* Debug */,
				05C9A17E2A7ADAAC0008B1BA /* Release */,
			);
			defaultConfigurationIsVisible = 0;
			defaultConfigurationName = Release;
		};
		05C9A17F2A7ADAAC0008B1BA /* Build configuration list for PBXNativeTarget "ForecastAppUITests" */ = {
			isa = XCConfigurationList;
			buildConfigurations = (
				05C9A1802A7ADAAC0008B1BA /* Debug */,
				05C9A1812A7ADAAC0008B1BA /* Release */,
			);
			defaultConfigurationIsVisible = 0;
			defaultConfigurationName = Release;
		};
/* End XCConfigurationList section */
	};
	rootObject = 05C9A1472A7ADAAB0008B1BA /* Project object */;
}
